github.com/dnjp/9fans v0.0.5 h1:cAJ//GOlhZNAYdKFBI9Sm4GWNfzhqW+ZtaU9kKVOpFs=
github.com/dnjp/9fans v0.0.5/go.mod h1:HsdaO4MRkgGGFhHtZcX3MeNBB2j/JJNkyofGFW4l/YM=
golang.org/x/sys v0.0.0-20210820121016-41cdb8703e55 h1:rw6UNGRMfarCepjI8qOepea/SXwIBVfTKjztZ5gBbq4=
golang.org/x/sys v0.0.0-20210820121016-41cdb8703e55/go.mod h1:oPkhp1MJrh7nUepCBck5+mAzfO9JrbApNNgaTdGDITg=
